
Microsoft Visual Studio Solution File, Format Version 12.00
# Visual Studio 15
VisualStudioVersion = 15.0.26430.16
MinimumVisualStudioVersion = 10.0.40219.1
Project("{FAE04EC0-301F-11D3-BF4B-00C04F79EFBC}") = "ArticleSandbox", "ArticleSandbox\ArticleSandbox.csproj", "{B491B732-EA12-4B2E-9937-FC76DF806DBD}"
EndProject
Project("{FAE04EC0-301F-11D3-BF4B-00C04F79EFBC}") = "CommonSandbox", "CommonSandbox\CommonSandbox.csproj", "{D0D07F8E-9671-4F48-A624-1CA160ED735C}"
EndProject
Project("{FAE04EC0-301F-11D3-BF4B-00C04F79EFBC}") = "SharedViewModelApp", "SharedViewModelApp\SharedViewModelApp.csproj", "{68F19CB5-15D9-4528-BDFE-58CC56382580}"
EndProject
Project("{FAE04EC0-301F-11D3-BF4B-00C04F79EFBC}") = "YetAnotherSandboxProject", "YetAnotherSandboxProject\YetAnotherSandboxProject.csproj", "{F1960DA1-6F92-4003-B0AA-C148BB6A539F}"
EndProject
Global
	GlobalSection(SolutionConfigurationPlatforms) = preSolution
		Debug|Any CPU = Debug|Any CPU
		Debug|ARM = Debug|ARM
		Debug|x64 = Debug|x64
		Debug|x86 = Debug|x86
		Release|Any CPU = Release|Any CPU
		Release|ARM = Release|ARM
		Release|x64 = Release|x64
		Release|x86 = Release|x86
	EndGlobalSection
	GlobalSection(ProjectConfigurationPlatforms) = postSolution
		{B491B732-EA12-4B2E-9937-FC76DF806DBD}.Debug|Any CPU.ActiveCfg = Debug|x86
		{B491B732-EA12-4B2E-9937-FC76DF806DBD}.Debug|ARM.ActiveCfg = Debug|ARM
		{B491B732-EA12-4B2E-9937-FC76DF806DBD}.Debug|ARM.Build.0 = Debug|ARM
		{B491B732-EA12-4B2E-9937-FC76DF806DBD}.Debug|ARM.Deploy.0 = Debug|ARM
		{B491B732-EA12-4B2E-9937-FC76DF806DBD}.Debug|x64.ActiveCfg = Debug|x64
		{B491B732-EA12-4B2E-9937-FC76DF806DBD}.Debug|x64.Build.0 = Debug|x64
		{B491B732-EA12-4B2E-9937-FC76DF806DBD}.Debug|x64.Deploy.0 = Debug|x64
		{B491B732-EA12-4B2E-9937-FC76DF806DBD}.Debug|x86.ActiveCfg = Debug|x86
		{B491B732-EA12-4B2E-9937-FC76DF806DBD}.Debug|x86.Build.0 = Debug|x86
		{B491B732-EA12-4B2E-9937-FC76DF806DBD}.Debug|x86.Deploy.0 = Debug|x86
		{B491B732-EA12-4B2E-9937-FC76DF806DBD}.Release|Any CPU.ActiveCfg = Release|x86
		{B491B732-EA12-4B2E-9937-FC76DF806DBD}.Release|ARM.ActiveCfg = Release|ARM
		{B491B732-EA12-4B2E-9937-FC76DF806DBD}.Release|ARM.Build.0 = Release|ARM
		{B491B732-EA12-4B2E-9937-FC76DF806DBD}.Release|ARM.Deploy.0 = Release|ARM
		{B491B732-EA12-4B2E-9937-FC76DF806DBD}.Release|x64.ActiveCfg = Release|x64
		{B491B732-EA12-4B2E-9937-FC76DF806DBD}.Release|x64.Build.0 = Release|x64
		{B491B732-EA12-4B2E-9937-FC76DF806DBD}.Release|x64.Deploy.0 = Release|x64
		{B491B732-EA12-4B2E-9937-FC76DF806DBD}.Release|x86.ActiveCfg = Release|x86
		{B491B732-EA12-4B2E-9937-FC76DF806DBD}.Release|x86.Build.0 = Release|x86
		{B491B732-EA12-4B2E-9937-FC76DF806DBD}.Release|x86.Deploy.0 = Release|x86
		{D0D07F8E-9671-4F48-A624-1CA160ED735C}.Debug|Any CPU.ActiveCfg = Debug|x86
		{D0D07F8E-9671-4F48-A624-1CA160ED735C}.Debug|ARM.ActiveCfg = Debug|ARM
		{D0D07F8E-9671-4F48-A624-1CA160ED735C}.Debug|ARM.Build.0 = Debug|ARM
		{D0D07F8E-9671-4F48-A624-1CA160ED735C}.Debug|ARM.Deploy.0 = Debug|ARM
		{D0D07F8E-9671-4F48-A624-1CA160ED735C}.Debug|x64.ActiveCfg = Debug|x64
		{D0D07F8E-9671-4F48-A624-1CA160ED735C}.Debug|x64.Build.0 = Debug|x64
		{D0D07F8E-9671-4F48-A624-1CA160ED735C}.Debug|x64.Deploy.0 = Debug|x64
		{D0D07F8E-9671-4F48-A624-1CA160ED735C}.Debug|x86.ActiveCfg = Debug|x86
		{D0D07F8E-9671-4F48-A624-1CA160ED735C}.Debug|x86.Build.0 = Debug|x86
		{D0D07F8E-9671-4F48-A624-1CA160ED735C}.Debug|x86.Deploy.0 = Debug|x86
		{D0D07F8E-9671-4F48-A624-1CA160ED735C}.Release|Any CPU.ActiveCfg = Release|x86
		{D0D07F8E-9671-4F48-A624-1CA160ED735C}.Release|ARM.ActiveCfg = Release|ARM
		{D0D07F8E-9671-4F48-A624-1CA160ED735C}.Release|ARM.Build.0 = Release|ARM
		{D0D07F8E-9671-4F48-A624-1CA160ED735C}.Release|ARM.Deploy.0 = Release|ARM
		{D0D07F8E-9671-4F48-A624-1CA160ED735C}.Release|x64.ActiveCfg = Release|x64
		{D0D07F8E-9671-4F48-A624-1CA160ED735C}.Release|x64.Build.0 = Release|x64
		{D0D07F8E-9671-4F48-A624-1CA160ED735C}.Release|x64.Deploy.0 = Release|x64
		{D0D07F8E-9671-4F48-A624-1CA160ED735C}.Release|x86.ActiveCfg = Release|x86
		{D0D07F8E-9671-4F48-A624-1CA160ED735C}.Release|x86.Build.0 = Release|x86
		{D0D07F8E-9671-4F48-A624-1CA160ED735C}.Release|x86.Deploy.0 = Release|x86
		{68F19CB5-15D9-4528-BDFE-58CC56382580}.Debug|Any CPU.ActiveCfg = Debug|x86
		{68F19CB5-15D9-4528-BDFE-58CC56382580}.Debug|ARM.ActiveCfg = Debug|ARM
		{68F19CB5-15D9-4528-BDFE-58CC56382580}.Debug|ARM.Build.0 = Debug|ARM
		{68F19CB5-15D9-4528-BDFE-58CC56382580}.Debug|ARM.Deploy.0 = Debug|ARM
		{68F19CB5-15D9-4528-BDFE-58CC56382580}.Debug|x64.ActiveCfg = Debug|x64
		{68F19CB5-15D9-4528-BDFE-58CC56382580}.Debug|x64.Build.0 = Debug|x64
		{68F19CB5-15D9-4528-BDFE-58CC56382580}.Debug|x64.Deploy.0 = Debug|x64
		{68F19CB5-15D9-4528-BDFE-58CC56382580}.Debug|x86.ActiveCfg = Debug|x86
		{68F19CB5-15D9-4528-BDFE-58CC56382580}.Debug|x86.Build.0 = Debug|x86
		{68F19CB5-15D9-4528-BDFE-58CC56382580}.Debug|x86.Deploy.0 = Debug|x86
		{68F19CB5-15D9-4528-BDFE-58CC56382580}.Release|Any CPU.ActiveCfg = Release|x86
		{68F19CB5-15D9-4528-BDFE-58CC56382580}.Release|ARM.ActiveCfg = Release|ARM
		{68F19CB5-15D9-4528-BDFE-58CC56382580}.Release|ARM.Build.0 = Release|ARM
		{68F19CB5-15D9-4528-BDFE-58CC56382580}.Release|ARM.Deploy.0 = Release|ARM
		{68F19CB5-15D9-4528-BDFE-58CC56382580}.Release|x64.ActiveCfg = Release|x64
		{68F19CB5-15D9-4528-BDFE-58CC56382580}.Release|x64.Build.0 = Release|x64
		{68F19CB5-15D9-4528-BDFE-58CC56382580}.Release|x64.Deploy.0 = Release|x64
		{68F19CB5-15D9-4528-BDFE-58CC56382580}.Release|x86.ActiveCfg = Release|x86
		{68F19CB5-15D9-4528-BDFE-58CC56382580}.Release|x86.Build.0 = Release|x86
		{68F19CB5-15D9-4528-BDFE-58CC56382580}.Release|x86.Deploy.0 = Release|x86
		{F1960DA1-6F92-4003-B0AA-C148BB6A539F}.Debug|Any CPU.ActiveCfg = Debug|x86
		{F1960DA1-6F92-4003-B0AA-C148BB6A539F}.Debug|ARM.ActiveCfg = Debug|ARM
		{F1960DA1-6F92-4003-B0AA-C148BB6A539F}.Debug|ARM.Build.0 = Debug|ARM
		{F1960DA1-6F92-4003-B0AA-C148BB6A539F}.Debug|ARM.Deploy.0 = Debug|ARM
		{F1960DA1-6F92-4003-B0AA-C148BB6A539F}.Debug|x64.ActiveCfg = Debug|x64
		{F1960DA1-6F92-4003-B0AA-C148BB6A539F}.Debug|x64.Build.0 = Debug|x64
		{F1960DA1-6F92-4003-B0AA-C148BB6A539F}.Debug|x64.Deploy.0 = Debug|x64
		{F1960DA1-6F92-4003-B0AA-C148BB6A539F}.Debug|x86.ActiveCfg = Debug|x86
		{F1960DA1-6F92-4003-B0AA-C148BB6A539F}.Debug|x86.Build.0 = Debug|x86
		{F1960DA1-6F92-4003-B0AA-C148BB6A539F}.Debug|x86.Deploy.0 = Debug|x86
		{F1960DA1-6F92-4003-B0AA-C148BB6A539F}.Release|Any CPU.ActiveCfg = Release|x86
		{F1960DA1-6F92-4003-B0AA-C148BB6A539F}.Release|ARM.ActiveCfg = Release|ARM
		{F1960DA1-6F92-4003-B0AA-C148BB6A539F}.Release|ARM.Build.0 = Release|ARM
		{F1960DA1-6F92-4003-B0AA-C148BB6A539F}.Release|ARM.Deploy.0 = Release|ARM
		{F1960DA1-6F92-4003-B0AA-C148BB6A539F}.Release|x64.ActiveCfg = Release|x64
		{F1960DA1-6F92-4003-B0AA-C148BB6A539F}.Release|x64.Build.0 = Release|x64
		{F1960DA1-6F92-4003-B0AA-C148BB6A539F}.Release|x64.Deploy.0 = Release|x64
		{F1960DA1-6F92-4003-B0AA-C148BB6A539F}.Release|x86.ActiveCfg = Release|x86
		{F1960DA1-6F92-4003-B0AA-C148BB6A539F}.Release|x86.Build.0 = Release|x86
		{F1960DA1-6F92-4003-B0AA-C148BB6A539F}.Release|x86.Deploy.0 = Release|x86
	EndGlobalSection
	GlobalSection(SolutionProperties) = preSolution
		HideSolutionNode = FALSE
	EndGlobalSection
EndGlobal
